// !$*UTF8*$!
{
	archiveVersion = 1;
	classes = {
	};
	objectVersion = 56;
	objects = {

/* Begin PBXBuildFile section */
		82970A6C28DBCBED003CFF05 /* AppDelegate.swift in Sources */ = {isa = PBXBuildFile; fileRef = 82970A6B28DBCBED003CFF05 /* AppDelegate.swift */; };
		82970A6E28DBCBED003CFF05 /* SceneDelegate.swift in Sources */ = {isa = PBXBuildFile; fileRef = 82970A6D28DBCBED003CFF05 /* SceneDelegate.swift */; };
		82970A7328DBCBED003CFF05 /* Main.storyboard in Resources */ = {isa = PBXBuildFile; fileRef = 82970A7128DBCBED003CFF05 /* Main.storyboard */; };
		82970A7528DBCBEE003CFF05 /* Assets.xcassets in Resources */ = {isa = PBXBuildFile; fileRef = 82970A7428DBCBEE003CFF05 /* Assets.xcassets */; };
		82970A7828DBCBEE003CFF05 /* LaunchScreen.storyboard in Resources */ = {isa = PBXBuildFile; fileRef = 82970A7628DBCBEE003CFF05 /* LaunchScreen.storyboard */; };
		82970A8328DBCBEE003CFF05 /* FlixTests.swift in Sources */ = {isa = PBXBuildFile; fileRef = 82970A8228DBCBEE003CFF05 /* FlixTests.swift */; };
		82970A8D28DBCBEE003CFF05 /* FlixUITests.swift in Sources */ = {isa = PBXBuildFile; fileRef = 82970A8C28DBCBEE003CFF05 /* FlixUITests.swift */; };
		82970A8F28DBCBEE003CFF05 /* FlixUITestsLaunchTests.swift in Sources */ = {isa = PBXBuildFile; fileRef = 82970A8E28DBCBEE003CFF05 /* FlixUITestsLaunchTests.swift */; };
		82970A9E28DBD98E003CFF05 /* MoviesViewController.swift in Sources */ = {isa = PBXBuildFile; fileRef = 82970A9D28DBD98E003CFF05 /* MoviesViewController.swift */; };
		82970AA028DC0CB6003CFF05 /* MovieCell.swift in Sources */ = {isa = PBXBuildFile; fileRef = 82970A9F28DC0CB6003CFF05 /* MovieCell.swift */; };
		82970AA328DC1123003CFF05 /* AlamofireImage in Frameworks */ = {isa = PBXBuildFile; productRef = 82970AA228DC1123003CFF05 /* AlamofireImage */; };
		82970AA528DC19A7003CFF05 /* Pods in Resources */ = {isa = PBXBuildFile; fileRef = 82970AA428DC19A7003CFF05 /* Pods */; };
		82970AA828DC19B3003CFF05 /* Podfile in Resources */ = {isa = PBXBuildFile; fileRef = 82970AA628DC19B3003CFF05 /* Podfile */; };
		82970AA928DC19B3003CFF05 /* Podfile.lock in Resources */ = {isa = PBXBuildFile; fileRef = 82970AA728DC19B3003CFF05 /* Podfile.lock */; };
/* End PBXBuildFile section */

/* Begin PBXContainerItemProxy section */
		82970A7F28DBCBEE003CFF05 /* PBXContainerItemProxy */ = {
			isa = PBXContainerItemProxy;
			containerPortal = 82970A6028DBCBED003CFF05 /* Project object */;
			proxyType = 1;
			remoteGlobalIDString = 82970A6728DBCBED003CFF05;
			remoteInfo = Flix;
		};
		82970A8928DBCBEE003CFF05 /* PBXContainerItemProxy */ = {
			isa = PBXContainerItemProxy;
			containerPortal = 82970A6028DBCBED003CFF05 /* Project object */;
			proxyType = 1;
			remoteGlobalIDString = 82970A6728DBCBED003CFF05;
			remoteInfo = Flix;
		};
/* End PBXContainerItemProxy section */

/* Begin PBXFileReference section */
		82970A6828DBCBED003CFF05 /* Flix.app */ = {isa = PBXFileReference; explicitFileType = wrapper.application; includeInIndex = 0; path = Flix.app; sourceTree = BUILT_PRODUCTS_DIR; };
		82970A6B28DBCBED003CFF05 /* AppDelegate.swift */ = {isa = PBXFileReference; lastKnownFileType = sourcecode.swift; path = AppDelegate.swift; sourceTree = "<group>"; };
		82970A6D28DBCBED003CFF05 /* SceneDelegate.swift */ = {isa = PBXFileReference; lastKnownFileType = sourcecode.swift; path = SceneDelegate.swift; sourceTree = "<group>"; };
		82970A7228DBCBED003CFF05 /* Base */ = {isa = PBXFileReference; lastKnownFileType = file.storyboard; name = Base; path = Base.lproj/Main.storyboard; sourceTree = "<group>"; };
		82970A7428DBCBEE003CFF05 /* Assets.xcassets */ = {isa = PBXFileReference; lastKnownFileType = folder.assetcatalog; path = Assets.xcassets; sourceTree = "<group>"; };
		82970A7728DBCBEE003CFF05 /* Base */ = {isa = PBXFileReference; lastKnownFileType = file.storyboard; name = Base; path = Base.lproj/LaunchScreen.storyboard; sourceTree = "<group>"; };
		82970A7928DBCBEE003CFF05 /* Info.plist */ = {isa = PBXFileReference; lastKnownFileType = text.plist.xml; path = Info.plist; sourceTree = "<group>"; };
		82970A7E28DBCBEE003CFF05 /* FlixTests.xctest */ = {isa = PBXFileReference; explicitFileType = wrapper.cfbundle; includeInIndex = 0; path = FlixTests.xctest; sourceTree = BUILT_PRODUCTS_DIR; };
		82970A8228DBCBEE003CFF05 /* FlixTests.swift */ = {isa = PBXFileReference; lastKnownFileType = sourcecode.swift; path = FlixTests.swift; sourceTree = "<group>"; };
		82970A8828DBCBEE003CFF05 /* FlixUITests.xctest */ = {isa = PBXFileReference; explicitFileType = wrapper.cfbundle; includeInIndex = 0; path = FlixUITests.xctest; sourceTree = BUILT_PRODUCTS_DIR; };
		82970A8C28DBCBEE003CFF05 /* FlixUITests.swift */ = {isa = PBXFileReference; lastKnownFileType = sourcecode.swift; path = FlixUITests.swift; sourceTree = "<group>"; };
		82970A8E28DBCBEE003CFF05 /* FlixUITestsLaunchTests.swift */ = {isa = PBXFileReference; lastKnownFileType = sourcecode.swift; path = FlixUITestsLaunchTests.swift; sourceTree = "<group>"; };
		82970A9D28DBD98E003CFF05 /* MoviesViewController.swift */ = {isa = PBXFileReference; lastKnownFileType = sourcecode.swift; path = MoviesViewController.swift; sourceTree = "<group>"; };
		82970A9F28DC0CB6003CFF05 /* MovieCell.swift */ = {isa = PBXFileReference; lastKnownFileType = sourcecode.swift; path = MovieCell.swift; sourceTree = "<group>"; };
		82970AA428DC19A7003CFF05 /* Pods */ = {isa = PBXFileReference; lastKnownFileType = folder; name = Pods; path = "../../../../Downloads/FlixPt1 backup/Pods"; sourceTree = "<group>"; };
		82970AA628DC19B3003CFF05 /* Podfile */ = {isa = PBXFileReference; fileEncoding = 4; lastKnownFileType = text; name = Podfile; path = "../../../../Downloads/FlixPt1 backup/Podfile"; sourceTree = "<group>"; };
		82970AA728DC19B3003CFF05 /* Podfile.lock */ = {isa = PBXFileReference; fileEncoding = 4; lastKnownFileType = text; name = Podfile.lock; path = "../../../../Downloads/FlixPt1 backup/Podfile.lock"; sourceTree = "<group>"; };
/* End PBXFileReference section */

/* Begin PBXFrameworksBuildPhase section */
		82970A6528DBCBED003CFF05 /* Frameworks */ = {
			isa = PBXFrameworksBuildPhase;
			buildActionMask = 2147483647;
			files = (
				82970AA328DC1123003CFF05 /* AlamofireImage in Frameworks */,
			);
			runOnlyForDeploymentPostprocessing = 0;
		};
		82970A7B28DBCBEE003CFF05 /* Frameworks */ = {
			isa = PBXFrameworksBuildPhase;
			buildActionMask = 2147483647;
			files = (
			);
			runOnlyForDeploymentPostprocessing = 0;
		};
		82970A8528DBCBEE003CFF05 /* Frameworks */ = {
			isa = PBXFrameworksBuildPhase;
			buildActionMask = 2147483647;
			files = (
			);
			runOnlyForDeploymentPostprocessing = 0;
		};
/* End PBXFrameworksBuildPhase section */

/* Begin PBXGroup section */
		82970A5F28DBCBED003CFF05 = {
			isa = PBXGroup;
			children = (
				82970A6A28DBCBED003CFF05 /* Flix */,
				82970A8128DBCBEE003CFF05 /* FlixTests */,
				82970A8B28DBCBEE003CFF05 /* FlixUITests */,
				82970A6928DBCBED003CFF05 /* Products */,
			);
			sourceTree = "<group>";
		};
		82970A6928DBCBED003CFF05 /* Products */ = {
			isa = PBXGroup;
			children = (
				82970A6828DBCBED003CFF05 /* Flix.app */,
				82970A7E28DBCBEE003CFF05 /* FlixTests.xctest */,
				82970A8828DBCBEE003CFF05 /* FlixUITests.xctest */,
			);
			name = Products;
			sourceTree = "<group>";
		};
		82970A6A28DBCBED003CFF05 /* Flix */ = {
			isa = PBXGroup;
			children = (
				82970AA628DC19B3003CFF05 /* Podfile */,
				82970AA728DC19B3003CFF05 /* Podfile.lock */,
				82970AA428DC19A7003CFF05 /* Pods */,
				82970A6B28DBCBED003CFF05 /* AppDelegate.swift */,
				82970A6D28DBCBED003CFF05 /* SceneDelegate.swift */,
				82970A7128DBCBED003CFF05 /* Main.storyboard */,
				82970A7428DBCBEE003CFF05 /* Assets.xcassets */,
				82970A7628DBCBEE003CFF05 /* LaunchScreen.storyboard */,
				82970A7928DBCBEE003CFF05 /* Info.plist */,
				82970A9D28DBD98E003CFF05 /* MoviesViewController.swift */,
				82970A9F28DC0CB6003CFF05 /* MovieCell.swift */,
			);
			path = Flix;
			sourceTree = "<group>";
		};
		82970A8128DBCBEE003CFF05 /* FlixTests */ = {
			isa = PBXGroup;
			children = (
				82970A8228DBCBEE003CFF05 /* FlixTests.swift */,
			);
			path = FlixTests;
			sourceTree = "<group>";
		};
		82970A8B28DBCBEE003CFF05 /* FlixUITests */ = {
			isa = PBXGroup;
			children = (
				82970A8C28DBCBEE003CFF05 /* FlixUITests.swift */,
				82970A8E28DBCBEE003CFF05 /* FlixUITestsLaunchTests.swift */,
			);
			path = FlixUITests;
			sourceTree = "<group>";
		};
/* End PBXGroup section */

/* Begin PBXNativeTarget section */
		82970A6728DBCBED003CFF05 /* Flix */ = {
			isa = PBXNativeTarget;
			buildConfigurationList = 82970A9228DBCBEE003CFF05 /* Build configuration list for PBXNativeTarget "Flix" */;
			buildPhases = (
				82970A6428DBCBED003CFF05 /* Sources */,
				82970A6528DBCBED003CFF05 /* Frameworks */,
				82970A6628DBCBED003CFF05 /* Resources */,
			);
			buildRules = (
			);
			dependencies = (
			);
			name = Flix;
			packageProductDependencies = (
				82970AA228DC1123003CFF05 /* AlamofireImage */,
			);
			productName = Flix;
			productReference = 82970A6828DBCBED003CFF05 /* Flix.app */;
			productType = "com.apple.product-type.application";
		};
		82970A7D28DBCBEE003CFF05 /* FlixTests */ = {
			isa = PBXNativeTarget;
			buildConfigurationList = 82970A9528DBCBEE003CFF05 /* Build configuration list for PBXNativeTarget "FlixTests" */;
			buildPhases = (
				82970A7A28DBCBEE003CFF05 /* Sources */,
				82970A7B28DBCBEE003CFF05 /* Frameworks */,
				82970A7C28DBCBEE003CFF05 /* Resources */,
			);
			buildRules = (
			);
			dependencies = (
				82970A8028DBCBEE003CFF05 /* PBXTargetDependency */,
			);
			name = FlixTests;
			productName = FlixTests;
			productReference = 82970A7E28DBCBEE003CFF05 /* FlixTests.xctest */;
			productType = "com.apple.product-type.bundle.unit-test";
		};
		82970A8728DBCBEE003CFF05 /* FlixUITests */ = {
			isa = PBXNativeTarget;
			buildConfigurationList = 82970A9828DBCBEE003CFF05 /* Build configuration list for PBXNativeTarget "FlixUITests" */;
			buildPhases = (
				82970A8428DBCBEE003CFF05 /* Sources */,
				82970A8528DBCBEE003CFF05 /* Frameworks */,
				82970A8628DBCBEE003CFF05 /* Resources */,
			);
			buildRules = (
			);
			dependencies = (
				82970A8A28DBCBEE003CFF05 /* PBXTargetDependency */,
			);
			name = FlixUITests;
			productName = FlixUITests;
			productReference = 82970A8828DBCBEE003CFF05 /* FlixUITests.xctest */;
			productType = "com.apple.product-type.bundle.ui-testing";
		};
/* End PBXNativeTarget section */

/* Begin PBXProject section */
		82970A6028DBCBED003CFF05 /* Project object */ = {
			isa = PBXProject;
			attributes = {
				BuildIndependentTargetsInParallel = 1;
				LastSwiftUpdateCheck = 1400;
				LastUpgradeCheck = 1400;
				TargetAttributes = {
					82970A6728DBCBED003CFF05 = {
						CreatedOnToolsVersion = 14.0;
					};
					82970A7D28DBCBEE003CFF05 = {
						CreatedOnToolsVersion = 14.0;
						TestTargetID = 82970A6728DBCBED003CFF05;
					};
					82970A8728DBCBEE003CFF05 = {
						CreatedOnToolsVersion = 14.0;
						TestTargetID = 82970A6728DBCBED003CFF05;
					};
				};
			};
			buildConfigurationList = 82970A6328DBCBED003CFF05 /* Build configuration list for PBXProject "Flix" */;
			compatibilityVersion = "Xcode 14.0";
			developmentRegion = en;
			hasScannedForEncodings = 0;
			knownRegions = (
				en,
				Base,
			);
			mainGroup = 82970A5F28DBCBED003CFF05;
			packageReferences = (
				82970AA128DC1123003CFF05 /* XCRemoteSwiftPackageReference "AlamofireImage" */,
			);
			productRefGroup = 82970A6928DBCBED003CFF05 /* Products */;
			projectDirPath = "";
			projectRoot = "";
			targets = (
				82970A6728DBCBED003CFF05 /* Flix */,
				82970A7D28DBCBEE003CFF05 /* FlixTests */,
				82970A8728DBCBEE003CFF05 /* FlixUITests */,
			);
		};
/* End PBXProject section */

/* Begin PBXResourcesBuildPhase section */
		82970A6628DBCBED003CFF05 /* Resources */ = {
			isa = PBXResourcesBuildPhase;
			buildActionMask = 2147483647;
			files = (
				82970AA928DC19B3003CFF05 /* Podfile.lock in Resources */,
				82970AA828DC19B3003CFF05 /* Podfile in Resources */,
				82970A7828DBCBEE003CFF05 /* LaunchScreen.storyboard in Resources */,
				82970A7528DBCBEE003CFF05 /* Assets.xcassets in Resources */,
				82970AA528DC19A7003CFF05 /* Pods in Resources */,
				82970A7328DBCBED003CFF05 /* Main.storyboard in Resources */,
			);
			runOnlyForDeploymentPostprocessing = 0;
		};
		82970A7C28DBCBEE003CFF05 /* Resources */ = {
			isa = PBXResourcesBuildPhase;
			buildActionMask = 2147483647;
			files = (
			);
			runOnlyForDeploymentPostprocessing = 0;
		};
		82970A8628DBCBEE003CFF05 /* Resources */ = {
			isa = PBXResourcesBuildPhase;
			buildActionMask = 2147483647;
			files = (
			);
			runOnlyForDeploymentPostprocessing = 0;
		};
/* End PBXResourcesBuildPhase section */

/* Begin PBXSourcesBuildPhase section */
		82970A6428DBCBED003CFF05 /* Sources */ = {
			isa = PBXSourcesBuildPhase;
			buildActionMask = 2147483647;
			files = (
				82970A6C28DBCBED003CFF05 /* AppDelegate.swift in Sources */,
				82970A6E28DBCBED003CFF05 /* SceneDelegate.swift in Sources */,
				82970AA028DC0CB6003CFF05 /* MovieCell.swift in Sources */,
				82970A9E28DBD98E003CFF05 /* MoviesViewController.swift in Sources */,
			);
			runOnlyForDeploymentPostprocessing = 0;
		};
		82970A7A28DBCBEE003CFF05 /* Sources */ = {
			isa = PBXSourcesBuildPhase;
			buildActionMask = 2147483647;
			files = (
				82970A8328DBCBEE003CFF05 /* FlixTests.swift in Sources */,
			);
			runOnlyForDeploymentPostprocessing = 0;
		};
		82970A8428DBCBEE003CFF05 /* Sources */ = {
			isa = PBXSourcesBuildPhase;
			buildActionMask = 2147483647;
			files = (
				82970A8D28DBCBEE003CFF05 /* FlixUITests.swift in Sources */,
				82970A8F28DBCBEE003CFF05 /* FlixUITestsLaunchTests.swift in Sources */,
			);
			runOnlyForDeploymentPostprocessing = 0;
		};
/* End PBXSourcesBuildPhase section */

/* Begin PBXTargetDependency section */
		82970A8028DBCBEE003CFF05 /* PBXTargetDependency */ = {
			isa = PBXTargetDependency;
			target = 82970A6728DBCBED003CFF05 /* Flix */;
			targetProxy = 82970A7F28DBCBEE003CFF05 /* PBXContainerItemProxy */;
		};
		82970A8A28DBCBEE003CFF05 /* PBXTargetDependency */ = {
			isa = PBXTargetDependency;
			target = 82970A6728DBCBED003CFF05 /* Flix */;
			targetProxy = 82970A8928DBCBEE003CFF05 /* PBXContainerItemProxy */;
		};
/* End PBXTargetDependency section */

/* Begin PBXVariantGroup section */
		82970A7128DBCBED003CFF05 /* Main.storyboard */ = {
			isa = PBXVariantGroup;
			children = (
				82970A7228DBCBED003CFF05 /* Base */,
			);
			name = Main.storyboard;
			sourceTree = "<group>";
		};
		82970A7628DBCBEE003CFF05 /* LaunchScreen.storyboard */ = {
			isa = PBXVariantGroup;
			children = (
				82970A7728DBCBEE003CFF05 /* Base */,
			);
			name = LaunchScreen.storyboard;
			sourceTree = "<group>";
		};
/* End PBXVariantGroup section */

/* Begin XCBuildConfiguration section */
		82970A9028DBCBEE003CFF05 /* Debug */ = {
			isa = XCBuildConfiguration;
			buildSettings = {
				ALWAYS_SEARCH_USER_PATHS = NO;
				CLANG_ANALYZER_NONNULL = YES;
				CLANG_ANALYZER_NUMBER_OBJECT_CONVERSION = YES_AGGRESSIVE;
				CLANG_CXX_LANGUAGE_STANDARD = "gnu++20";
				CLANG_ENABLE_MODULES = YES;
				CLANG_ENABLE_OBJC_ARC = YES;
				CLANG_ENABLE_OBJC_WEAK = YES;
				CLANG_WARN_BLOCK_CAPTURE_AUTORELEASING = YES;
				CLANG_WARN_BOOL_CONVERSION = YES;
				CLANG_WARN_COMMA = YES;
				CLANG_WARN_CONSTANT_CONVERSION = YES;
				CLANG_WARN_DEPRECATED_OBJC_IMPLEMENTATIONS = YES;
				CLANG_WARN_DIRECT_OBJC_ISA_USAGE = YES_ERROR;
				CLANG_WARN_DOCUMENTATION_COMMENTS = YES;
				CLANG_WARN_EMPTY_BODY = YES;
				CLANG_WARN_ENUM_CONVERSION = YES;
				CLANG_WARN_INFINITE_RECURSION = YES;
				CLANG_WARN_INT_CONVERSION = YES;
				CLANG_WARN_NON_LITERAL_NULL_CONVERSION = YES;
				CLANG_WARN_OBJC_IMPLICIT_RETAIN_SELF = YES;
				CLANG_WARN_OBJC_LITERAL_CONVERSION = YES;
				CLANG_WARN_OBJC_ROOT_CLASS = YES_ERROR;
				CLANG_WARN_QUOTED_INCLUDE_IN_FRAMEWORK_HEADER = YES;
				CLANG_WARN_RANGE_LOOP_ANALYSIS = YES;
				CLANG_WARN_STRICT_PROTOTYPES = YES;
				CLANG_WARN_SUSPICIOUS_MOVE = YES;
				CLANG_WARN_UNGUARDED_AVAILABILITY = YES_AGGRESSIVE;
				CLANG_WARN_UNREACHABLE_CODE = YES;
				CLANG_WARN__DUPLICATE_METHOD_MATCH = YES;
				COPY_PHASE_STRIP = NO;
				DEBUG_INFORMATION_FORMAT = dwarf;
				ENABLE_STRICT_OBJC_MSGSEND = YES;
				ENABLE_TESTABILITY = YES;
				GCC_C_LANGUAGE_STANDARD = gnu11;
				GCC_DYNAMIC_NO_PIC = NO;
				GCC_NO_COMMON_BLOCKS = YES;
				GCC_OPTIMIZATION_LEVEL = 0;
				GCC_PREPROCESSOR_DEFINITIONS = (
					"DEBUG=1",
					"$(inherited)",
				);
				GCC_WARN_64_TO_32_BIT_CONVERSION = YES;
				GCC_WARN_ABOUT_RETURN_TYPE = YES_ERROR;
				GCC_WARN_UNDECLARED_SELECTOR = YES;
				GCC_WARN_UNINITIALIZED_AUTOS = YES_AGGRESSIVE;
				GCC_WARN_UNUSED_FUNCTION = YES;
				GCC_WARN_UNUSED_VARIABLE = YES;
				IPHONEOS_DEPLOYMENT_TARGET = 16.0;
				MTL_ENABLE_DEBUG_INFO = INCLUDE_SOURCE;
				MTL_FAST_MATH = YES;
				ONLY_ACTIVE_ARCH = YES;
				SDKROOT = iphoneos;
				SWIFT_ACTIVE_COMPILATION_CONDITIONS = DEBUG;
				SWIFT_OPTIMIZATION_LEVEL = "-Onone";
			};
			name = Debug;
		};
		82970A9128DBCBEE003CFF05 /* Release */ = {
			isa = XCBuildConfiguration;
			buildSettings = {
				ALWAYS_SEARCH_USER_PATHS = NO;
				CLANG_ANALYZER_NONNULL = YES;
				CLANG_ANALYZER_NUMBER_OBJECT_CONVERSION = YES_AGGRESSIVE;
				CLANG_CXX_LANGUAGE_STANDARD = "gnu++20";
				CLANG_ENABLE_MODULES = YES;
				CLANG_ENABLE_OBJC_ARC = YES;
				CLANG_ENABLE_OBJC_WEAK = YES;
				CLANG_WARN_BLOCK_CAPTURE_AUTORELEASING = YES;
				CLANG_WARN_BOOL_CONVERSION = YES;
				CLANG_WARN_COMMA = YES;
				CLANG_WARN_CONSTANT_CONVERSION = YES;
				CLANG_WARN_DEPRECATED_OBJC_IMPLEMENTATIONS = YES;
				CLANG_WARN_DIRECT_OBJC_ISA_USAGE = YES_ERROR;
				CLANG_WARN_DOCUMENTATION_COMMENTS = YES;
				CLANG_WARN_EMPTY_BODY = YES;
				CLANG_WARN_ENUM_CONVERSION = YES;
				CLANG_WARN_INFINITE_RECURSION = YES;
				CLANG_WARN_INT_CONVERSION = YES;
				CLANG_WARN_NON_LITERAL_NULL_CONVERSION = YES;
				CLANG_WARN_OBJC_IMPLICIT_RETAIN_SELF = YES;
				CLANG_WARN_OBJC_LITERAL_CONVERSION = YES;
				CLANG_WARN_OBJC_ROOT_CLASS = YES_ERROR;
				CLANG_WARN_QUOTED_INCLUDE_IN_FRAMEWORK_HEADER = YES;
				CLANG_WARN_RANGE_LOOP_ANALYSIS = YES;
				CLANG_WARN_STRICT_PROTOTYPES = YES;
				CLANG_WARN_SUSPICIOUS_MOVE = YES;
				CLANG_WARN_UNGUARDED_AVAILABILITY = YES_AGGRESSIVE;
				CLANG_WARN_UNREACHABLE_CODE = YES;
				CLANG_WARN__DUPLICATE_METHOD_MATCH = YES;
				COPY_PHASE_STRIP = NO;
				DEBUG_INFORMATION_FORMAT = "dwarf-with-dsym";
				ENABLE_NS_ASSERTIONS = NO;
				ENABLE_STRICT_OBJC_MSGSEND = YES;
				GCC_C_LANGUAGE_STANDARD = gnu11;
				GCC_NO_COMMON_BLOCKS = YES;
				GCC_WARN_64_TO_32_BIT_CONVERSION = YES;
				GCC_WARN_ABOUT_RETURN_TYPE = YES_ERROR;
				GCC_WARN_UNDECLARED_SELECTOR = YES;
				GCC_WARN_UNINITIALIZED_AUTOS = YES_AGGRESSIVE;
				GCC_WARN_UNUSED_FUNCTION = YES;
				GCC_WARN_UNUSED_VARIABLE = YES;
				IPHONEOS_DEPLOYMENT_TARGET = 16.0;
				MTL_ENABLE_DEBUG_INFO = NO;
				MTL_FAST_MATH = YES;
				SDKROOT = iphoneos;
				SWIFT_COMPILATION_MODE = wholemodule;
				SWIFT_OPTIMIZATION_LEVEL = "-O";
				VALIDATE_PRODUCT = YES;
			};
			name = Release;
		};
		82970A9328DBCBEE003CFF05 /* Debug */ = {
			isa = XCBuildConfiguration;
			buildSettings = {
				ASSETCATALOG_COMPILER_APPICON_NAME = AppIcon;
				ASSETCATALOG_COMPILER_GLOBAL_ACCENT_COLOR_NAME = AccentColor;
				CODE_SIGN_STYLE = Automatic;
				CURRENT_PROJECT_VERSION = 1;
				DEVELOPMENT_TEAM = 7FXN5XYXFD;
				GENERATE_INFOPLIST_FILE = YES;
				INFOPLIST_FILE = Flix/Info.plist;
				INFOPLIST_KEY_UIApplicationSupportsIndirectInputEvents = YES;
				INFOPLIST_KEY_UILaunchStoryboardName = LaunchScreen;
				INFOPLIST_KEY_UIMainStoryboardFile = Main;
				INFOPLIST_KEY_UISupportedInterfaceOrientations_iPad = "UIInterfaceOrientationPortrait UIInterfaceOrientationPortraitUpsideDown UIInterfaceOrientationLandscapeLeft UIInterfaceOrientationLandscapeRight";
				INFOPLIST_KEY_UISupportedInterfaceOrientations_iPhone = "UIInterfaceOrientationPortrait UIInterfaceOrientationLandscapeLeft UIInterfaceOrientationLandscapeRight";
				IPHONEOS_DEPLOYMENT_TARGET = 15.0;
				LD_RUNPATH_SEARCH_PATHS = (
					"$(inherited)",
					"@executable_path/Frameworks",
				);
				MARKETING_VERSION = 1.0;
				PRODUCT_BUNDLE_IDENTIFIER = com.ubertr4ff1c.Flix;
				PRODUCT_NAME = "$(TARGET_NAME)";
				SWIFT_EMIT_LOC_STRINGS = YES;
				SWIFT_VERSION = 5.0;
				TARGETED_DEVICE_FAMILY = "1,2";
			};
			name = Debug;
		};
		82970A9428DBCBEE003CFF05 /* Release */ = {
			isa = XCBuildConfiguration;
			buildSettings = {
				ASSETCATALOG_COMPILER_APPICON_NAME = AppIcon;
				ASSETCATALOG_COMPILER_GLOBAL_ACCENT_COLOR_NAME = AccentColor;
				CODE_SIGN_STYLE = Automatic;
				CURRENT_PROJECT_VERSION = 1;
				DEVELOPMENT_TEAM = 7FXN5XYXFD;
				GENERATE_INFOPLIST_FILE = YES;
				INFOPLIST_FILE = Flix/Info.plist;
				INFOPLIST_KEY_UIApplicationSupportsIndirectInputEvents = YES;
				INFOPLIST_KEY_UILaunchStoryboardName = LaunchScreen;
				INFOPLIST_KEY_UIMainStoryboardFile = Main;
				INFOPLIST_KEY_UISupportedInterfaceOrientations_iPad = "UIInterfaceOrientationPortrait UIInterfaceOrientationPortraitUpsideDown UIInterfaceOrientationLandscapeLeft UIInterfaceOrientationLandscapeRight";
				INFOPLIST_KEY_UISupportedInterfaceOrientations_iPhone = "UIInterfaceOrientationPortrait UIInterfaceOrientationLandscapeLeft UIInterfaceOrientationLandscapeRight";
				IPHONEOS_DEPLOYMENT_TARGET = 15.0;
				LD_RUNPATH_SEARCH_PATHS = (
					"$(inherited)",
					"@executable_path/Frameworks",
				);
				MARKETING_VERSION = 1.0;
				PRODUCT_BUNDLE_IDENTIFIER = com.ubertr4ff1c.Flix;
				PRODUCT_NAME = "$(TARGET_NAME)";
				SWIFT_EMIT_LOC_STRINGS = YES;
				SWIFT_VERSION = 5.0;
				TARGETED_DEVICE_FAMILY = "1,2";
			};
			name = Release;
		};
		82970A9628DBCBEE003CFF05 /* Debug */ = {
			isa = XCBuildConfiguration;
			buildSettings = {
				ALWAYS_EMBED_SWIFT_STANDARD_LIBRARIES = YES;
				BUNDLE_LOADER = "$(TEST_HOST)";
				CODE_SIGN_STYLE = Automatic;
				CURRENT_PROJECT_VERSION = 1;
				DEVELOPMENT_TEAM = 7FXN5XYXFD;
				GENERATE_INFOPLIST_FILE = YES;
				IPHONEOS_DEPLOYMENT_TARGET = 16.0;
				MARKETING_VERSION = 1.0;
				PRODUCT_BUNDLE_IDENTIFIER = com.ubertr4ff1c.FlixTests;
				PRODUCT_NAME = "$(TARGET_NAME)";
				SWIFT_EMIT_LOC_STRINGS = NO;
				SWIFT_VERSION = 5.0;
				TARGETED_DEVICE_FAMILY = "1,2";
				TEST_HOST = "$(BUILT_PRODUCTS_DIR)/Flix.app/$(BUNDLE_EXECUTABLE_FOLDER_PATH)/Flix";
			};
			name = Debug;
		};
		82970A9728DBCBEE003CFF05 /* Release */ = {
			isa = XCBuildConfiguration;
			buildSettings = {
				ALWAYS_EMBED_SWIFT_STANDARD_LIBRARIES = YES;
				BUNDLE_LOADER = "$(TEST_HOST)";
				CODE_SIGN_STYLE = Automatic;
				CURRENT_PROJECT_VERSION = 1;
				DEVELOPMENT_TEAM = 7FXN5XYXFD;
				GENERATE_INFOPLIST_FILE = YES;
				IPHONEOS_DEPLOYMENT_TARGET = 16.0;
				MARKETING_VERSION = 1.0;
				PRODUCT_BUNDLE_IDENTIFIER = com.ubertr4ff1c.FlixTests;
				PRODUCT_NAME = "$(TARGET_NAME)";
				SWIFT_EMIT_LOC_STRINGS = NO;
				SWIFT_VERSION = 5.0;
				TARGETED_DEVICE_FAMILY = "1,2";
				TEST_HOST = "$(BUILT_PRODUCTS_DIR)/Flix.app/$(BUNDLE_EXECUTABLE_FOLDER_PATH)/Flix";
			};
			name = Release;
		};
		82970A9928DBCBEE003CFF05 /* Debug */ = {
			isa = XCBuildConfiguration;
			buildSettings = {
				ALWAYS_EMBED_SWIFT_STANDARD_LIBRARIES = YES;
				CODE_SIGN_STYLE = Automatic;
				CURRENT_PROJECT_VERSION = 1;
				DEVELOPMENT_TEAM = 7FXN5XYXFD;
				GENERATE_INFOPLIST_FILE = YES;
				MARKETING_VERSION = 1.0;
				PRODUCT_BUNDLE_IDENTIFIER = com.ubertr4ff1c.FlixUITests;
				PRODUCT_NAME = "$(TARGET_NAME)";
				SWIFT_EMIT_LOC_STRINGS = NO;
				SWIFT_VERSION = 5.0;
				TARGETED_DEVICE_FAMILY = "1,2";
				TEST_TARGET_NAME = Flix;
			};
			name = Debug;
		};
		82970A9A28DBCBEE003CFF05 /* Release */ = {
			isa = XCBuildConfiguration;
			buildSettings = {
				ALWAYS_EMBED_SWIFT_STANDARD_LIBRARIES = YES;
				CODE_SIGN_STYLE = Automatic;
				CURRENT_PROJECT_VERSION = 1;
				DEVELOPMENT_TEAM = 7FXN5XYXFD;
				GENERATE_INFOPLIST_FILE = YES;
				MARKETING_VERSION = 1.0;
				PRODUCT_BUNDLE_IDENTIFIER = com.ubertr4ff1c.FlixUITests;
				PRODUCT_NAME = "$(TARGET_NAME)";
				SWIFT_EMIT_LOC_STRINGS = NO;
				SWIFT_VERSION = 5.0;
				TARGETED_DEVICE_FAMILY = "1,2";
				TEST_TARGET_NAME = Flix;
			};
			name = Release;
		};
/* End XCBuildConfiguration section */

/* Begin XCConfigurationList section */
		82970A6328DBCBED003CFF05 /* Build configuration list for PBXProject "Flix" */ = {
			isa = XCConfigurationList;
			buildConfigurations = (
				82970A9028DBCBEE003CFF05 /* Debug */,
				82970A9128DBCBEE003CFF05 /* Release */,
			);
			defaultConfigurationIsVisible = 0;
			defaultConfigurationName = Release;
		};
		82970A9228DBCBEE003CFF05 /* Build configuration list for PBXNativeTarget "Flix" */ = {
			isa = XCConfigurationList;
			buildConfigurations = (
				82970A9328DBCBEE003CFF05 /* Debug */,
				82970A9428DBCBEE003CFF05 /* Release */,
			);
			defaultConfigurationIsVisible = 0;
			defaultConfigurationName = Release;
		};
		82970A9528DBCBEE003CFF05 /* Build configuration list for PBXNativeTarget "FlixTests" */ = {
			isa = XCConfigurationList;
			buildConfigurations = (
				82970A9628DBCBEE003CFF05 /* Debug */,
				82970A9728DBCBEE003CFF05 /* Release */,
			);
			defaultConfigurationIsVisible = 0;
			defaultConfigurationName = Release;
		};
		82970A9828DBCBEE003CFF05 /* Build configuration list for PBXNativeTarget "FlixUITests" */ = {
			isa = XCConfigurationList;
			buildConfigurations = (
				82970A9928DBCBEE003CFF05 /* Debug */,
				82970A9A28DBCBEE003CFF05 /* Release */,
			);
			defaultConfigurationIsVisible = 0;
			defaultConfigurationName = Release;
		};
/* End XCConfigurationList section */

/* Begin XCRemoteSwiftPackageReference section */
		82970AA128DC1123003CFF05 /* XCRemoteSwiftPackageReference "AlamofireImage" */ = {
			isa = XCRemoteSwiftPackageReference;
			repositoryURL = "https://github.com/Alamofire/AlamofireImage";
			requirement = {
				kind = upToNextMajorVersion;
				minimumVersion = 4.0.0;
			};
		};
/* End XCRemoteSwiftPackageReference section */

/* Begin XCSwiftPackageProductDependency section */
		82970AA228DC1123003CFF05 /* AlamofireImage */ = {
			isa = XCSwiftPackageProductDependency;
			package = 82970AA128DC1123003CFF05 /* XCRemoteSwiftPackageReference "AlamofireImage" */;
			productName = AlamofireImage;
		};
/* End XCSwiftPackageProductDependency section */
	};
	rootObject = 82970A6028DBCBED003CFF05 /* Project object */;
}
